
Microsoft Visual Studio Solution File, Format Version 12.00
# Visual Studio Version 16
VisualStudioVersion = 16.0.30114.105
MinimumVisualStudioVersion = 10.0.40219.1
Project("{2150E333-8FDC-42A3-9474-1A3956D46DE8}") = "Application", "Application", "{A3E866BE-EF70-42D9-A14B-C366E239481A}"
EndProject
Project("{FAE04EC0-301F-11D3-BF4B-00C04F79EFBC}") = "Api_Pagamentos", "Application\Api_Pagamentos\Api_Pagamentos.csproj", "{EC78D635-874F-4F6A-BDBB-B0BD45F6473E}"
EndProject
Project("{FAE04EC0-301F-11D3-BF4B-00C04F79EFBC}") = "Api_Produtos", "Application\Api_Produtos\Api_Produtos.csproj", "{367ED820-D06F-45C5-9A0C-89DD29BDD727}"
EndProject
Project("{2150E333-8FDC-42A3-9474-1A3956D46DE8}") = "Data", "Data", "{92E2DA95-F78C-4F32-B80D-C61130B4BE95}"
EndProject
Project("{FAE04EC0-301F-11D3-BF4B-00C04F79EFBC}") = "Pagamento_Data", "Data\Pagamento_Data\Pagamento_Data.csproj", "{C8C4157A-6CB0-466C-88D3-F73D369E6ABF}"
EndProject
Project("{FAE04EC0-301F-11D3-BF4B-00C04F79EFBC}") = "Data", "Data\Produtos_Data\Data.csproj", "{171079BA-2D78-4BED-828A-12619DD664C8}"
EndProject
Project("{2150E333-8FDC-42A3-9474-1A3956D46DE8}") = "Domain", "Domain", "{CCC1E66E-32C1-438B-BF7C-A4BC9A205F14}"
EndProject
Project("{FAE04EC0-301F-11D3-BF4B-00C04F79EFBC}") = "Pagamento_Domain", "Domain\Pagamento_Domain\Pagamento_Domain.csproj", "{81C7E9C3-F13F-4A0D-9575-BC792BF3E6D1}"
EndProject
Project("{FAE04EC0-301F-11D3-BF4B-00C04F79EFBC}") = "Domain", "Domain\Produtos_Domain\Domain.csproj", "{AA7A9790-0CEB-4EC0-921C-AE9EE4B8A81D}"
EndProject
Project("{2150E333-8FDC-42A3-9474-1A3956D46DE8}") = "CrossCuting", "CrossCuting", "{09A39F26-055D-46FD-9097-2479CB67772D}"
EndProject
Project("{FAE04EC0-301F-11D3-BF4B-00C04F79EFBC}") = "PagamentoCrossCuting", "CrossCuting\PagamentoCrossCuting\PagamentoCrossCuting.csproj", "{C6E07F15-CFD4-42E6-89B9-B65461C119DF}"
EndProject
Project("{FAE04EC0-301F-11D3-BF4B-00C04F79EFBC}") = "CrossCuting", "CrossCuting\Produtos_CrossCuting\CrossCuting.csproj", "{CACA3212-379A-45A0-A59A-1F6A328DA7A7}"
EndProject
Project("{2150E333-8FDC-42A3-9474-1A3956D46DE8}") = "Services", "Services", "{E9545417-E972-4180-913A-BE3D3DC5C265}"
EndProject
Project("{FAE04EC0-301F-11D3-BF4B-00C04F79EFBC}") = "Pagamento_Service", "Services\Pagamento_Service\Pagamento_Service.csproj", "{F7E08BA6-A855-4CD3-A3DF-4A5D26671455}"
EndProject
Project("{FAE04EC0-301F-11D3-BF4B-00C04F79EFBC}") = "Service", "Services\Produtos_Service\Service.csproj", "{E4F5D269-1D27-4EBA-BCC0-7D391B0E4E1D}"
EndProject
Global
	GlobalSection(SolutionConfigurationPlatforms) = preSolution
		Debug|Any CPU = Debug|Any CPU
		Debug|x64 = Debug|x64
		Debug|x86 = Debug|x86
		Release|Any CPU = Release|Any CPU
		Release|x64 = Release|x64
		Release|x86 = Release|x86
	EndGlobalSection
	GlobalSection(SolutionProperties) = preSolution
		HideSolutionNode = FALSE
	EndGlobalSection
	GlobalSection(ProjectConfigurationPlatforms) = postSolution
		{EC78D635-874F-4F6A-BDBB-B0BD45F6473E}.Debug|Any CPU.ActiveCfg = Debug|Any CPU
		{EC78D635-874F-4F6A-BDBB-B0BD45F6473E}.Debug|Any CPU.Build.0 = Debug|Any CPU
		{EC78D635-874F-4F6A-BDBB-B0BD45F6473E}.Debug|x64.ActiveCfg = Debug|Any CPU
		{EC78D635-874F-4F6A-BDBB-B0BD45F6473E}.Debug|x64.Build.0 = Debug|Any CPU
		{EC78D635-874F-4F6A-BDBB-B0BD45F6473E}.Debug|x86.ActiveCfg = Debug|Any CPU
		{EC78D635-874F-4F6A-BDBB-B0BD45F6473E}.Debug|x86.Build.0 = Debug|Any CPU
		{EC78D635-874F-4F6A-BDBB-B0BD45F6473E}.Release|Any CPU.ActiveCfg = Release|Any CPU
		{EC78D635-874F-4F6A-BDBB-B0BD45F6473E}.Release|Any CPU.Build.0 = Release|Any CPU
		{EC78D635-874F-4F6A-BDBB-B0BD45F6473E}.Release|x64.ActiveCfg = Release|Any CPU
		{EC78D635-874F-4F6A-BDBB-B0BD45F6473E}.Release|x64.Build.0 = Release|Any CPU
		{EC78D635-874F-4F6A-BDBB-B0BD45F6473E}.Release|x86.ActiveCfg = Release|Any CPU
		{EC78D635-874F-4F6A-BDBB-B0BD45F6473E}.Release|x86.Build.0 = Release|Any CPU
		{367ED820-D06F-45C5-9A0C-89DD29BDD727}.Debug|Any CPU.ActiveCfg = Debug|Any CPU
		{367ED820-D06F-45C5-9A0C-89DD29BDD727}.Debug|Any CPU.Build.0 = Debug|Any CPU
		{367ED820-D06F-45C5-9A0C-89DD29BDD727}.Debug|x64.ActiveCfg = Debug|Any CPU
		{367ED820-D06F-45C5-9A0C-89DD29BDD727}.Debug|x64.Build.0 = Debug|Any CPU
		{367ED820-D06F-45C5-9A0C-89DD29BDD727}.Debug|x86.ActiveCfg = Debug|Any CPU
		{367ED820-D06F-45C5-9A0C-89DD29BDD727}.Debug|x86.Build.0 = Debug|Any CPU
		{367ED820-D06F-45C5-9A0C-89DD29BDD727}.Release|Any CPU.ActiveCfg = Release|Any CPU
		{367ED820-D06F-45C5-9A0C-89DD29BDD727}.Release|Any CPU.Build.0 = Release|Any CPU
		{367ED820-D06F-45C5-9A0C-89DD29BDD727}.Release|x64.ActiveCfg = Release|Any CPU
		{367ED820-D06F-45C5-9A0C-89DD29BDD727}.Release|x64.Build.0 = Release|Any CPU
		{367ED820-D06F-45C5-9A0C-89DD29BDD727}.Release|x86.ActiveCfg = Release|Any CPU
		{367ED820-D06F-45C5-9A0C-89DD29BDD727}.Release|x86.Build.0 = Release|Any CPU
		{C8C4157A-6CB0-466C-88D3-F73D369E6ABF}.Debug|Any CPU.ActiveCfg = Debug|Any CPU
		{C8C4157A-6CB0-466C-88D3-F73D369E6ABF}.Debug|Any CPU.Build.0 = Debug|Any CPU
		{C8C4157A-6CB0-466C-88D3-F73D369E6ABF}.Debug|x64.ActiveCfg = Debug|Any CPU
		{C8C4157A-6CB0-466C-88D3-F73D369E6ABF}.Debug|x64.Build.0 = Debug|Any CPU
		{C8C4157A-6CB0-466C-88D3-F73D369E6ABF}.Debug|x86.ActiveCfg = Debug|Any CPU
		{C8C4157A-6CB0-466C-88D3-F73D369E6ABF}.Debug|x86.Build.0 = Debug|Any CPU
		{C8C4157A-6CB0-466C-88D3-F73D369E6ABF}.Release|Any CPU.ActiveCfg = Release|Any CPU
		{C8C4157A-6CB0-466C-88D3-F73D369E6ABF}.Release|Any CPU.Build.0 = Release|Any CPU
		{C8C4157A-6CB0-466C-88D3-F73D369E6ABF}.Release|x64.ActiveCfg = Release|Any CPU
		{C8C4157A-6CB0-466C-88D3-F73D369E6ABF}.Release|x64.Build.0 = Release|Any CPU
		{C8C4157A-6CB0-466C-88D3-F73D369E6ABF}.Release|x86.ActiveCfg = Release|Any CPU
		{C8C4157A-6CB0-466C-88D3-F73D369E6ABF}.Release|x86.Build.0 = Release|Any CPU
		{171079BA-2D78-4BED-828A-12619DD664C8}.Debug|Any CPU.ActiveCfg = Debug|Any CPU
		{171079BA-2D78-4BED-828A-12619DD664C8}.Debug|Any CPU.Build.0 = Debug|Any CPU
		{171079BA-2D78-4BED-828A-12619DD664C8}.Debug|x64.ActiveCfg = Debug|Any CPU
		{171079BA-2D78-4BED-828A-12619DD664C8}.Debug|x64.Build.0 = Debug|Any CPU
		{171079BA-2D78-4BED-828A-12619DD664C8}.Debug|x86.ActiveCfg = Debug|Any CPU
		{171079BA-2D78-4BED-828A-12619DD664C8}.Debug|x86.Build.0 = Debug|Any CPU
		{171079BA-2D78-4BED-828A-12619DD664C8}.Release|Any CPU.ActiveCfg = Release|Any CPU
		{171079BA-2D78-4BED-828A-12619DD664C8}.Release|Any CPU.Build.0 = Release|Any CPU
		{171079BA-2D78-4BED-828A-12619DD664C8}.Release|x64.ActiveCfg = Release|Any CPU
		{171079BA-2D78-4BED-828A-12619DD664C8}.Release|x64.Build.0 = Release|Any CPU
		{171079BA-2D78-4BED-828A-12619DD664C8}.Release|x86.ActiveCfg = Release|Any CPU
		{171079BA-2D78-4BED-828A-12619DD664C8}.Release|x86.Build.0 = Release|Any CPU
		{81C7E9C3-F13F-4A0D-9575-BC792BF3E6D1}.Debug|Any CPU.ActiveCfg = Debug|Any CPU
		{81C7E9C3-F13F-4A0D-9575-BC792BF3E6D1}.Debug|Any CPU.Build.0 = Debug|Any CPU
		{81C7E9C3-F13F-4A0D-9575-BC792BF3E6D1}.Debug|x64.ActiveCfg = Debug|Any CPU
		{81C7E9C3-F13F-4A0D-9575-BC792BF3E6D1}.Debug|x64.Build.0 = Debug|Any CPU
		{81C7E9C3-F13F-4A0D-9575-BC792BF3E6D1}.Debug|x86.ActiveCfg = Debug|Any CPU
		{81C7E9C3-F13F-4A0D-9575-BC792BF3E6D1}.Debug|x86.Build.0 = Debug|Any CPU
		{81C7E9C3-F13F-4A0D-9575-BC792BF3E6D1}.Release|Any CPU.ActiveCfg = Release|Any CPU
		{81C7E9C3-F13F-4A0D-9575-BC792BF3E6D1}.Release|Any CPU.Build.0 = Release|Any CPU
		{81C7E9C3-F13F-4A0D-9575-BC792BF3E6D1}.Release|x64.ActiveCfg = Release|Any CPU
		{81C7E9C3-F13F-4A0D-9575-BC792BF3E6D1}.Release|x64.Build.0 = Release|Any CPU
		{81C7E9C3-F13F-4A0D-9575-BC792BF3E6D1}.Release|x86.ActiveCfg = Release|Any CPU
		{81C7E9C3-F13F-4A0D-9575-BC792BF3E6D1}.Release|x86.Build.0 = Release|Any CPU
		{AA7A9790-0CEB-4EC0-921C-AE9EE4B8A81D}.Debug|Any CPU.ActiveCfg = Debug|Any CPU
		{AA7A9790-0CEB-4EC0-921C-AE9EE4B8A81D}.Debug|Any CPU.Build.0 = Debug|Any CPU
		{AA7A9790-0CEB-4EC0-921C-AE9EE4B8A81D}.Debug|x64.ActiveCfg = Debug|Any CPU
		{AA7A9790-0CEB-4EC0-921C-AE9EE4B8A81D}.Debug|x64.Build.0 = Debug|Any CPU
		{AA7A9790-0CEB-4EC0-921C-AE9EE4B8A81D}.Debug|x86.ActiveCfg = Debug|Any CPU
		{AA7A9790-0CEB-4EC0-921C-AE9EE4B8A81D}.Debug|x86.Build.0 = Debug|Any CPU
		{AA7A9790-0CEB-4EC0-921C-AE9EE4B8A81D}.Release|Any CPU.ActiveCfg = Release|Any CPU
		{AA7A9790-0CEB-4EC0-921C-AE9EE4B8A81D}.Release|Any CPU.Build.0 = Release|Any CPU
		{AA7A9790-0CEB-4EC0-921C-AE9EE4B8A81D}.Release|x64.ActiveCfg = Release|Any CPU
		{AA7A9790-0CEB-4EC0-921C-AE9EE4B8A81D}.Release|x64.Build.0 = Release|Any CPU
		{AA7A9790-0CEB-4EC0-921C-AE9EE4B8A81D}.Release|x86.ActiveCfg = Release|Any CPU
		{AA7A9790-0CEB-4EC0-921C-AE9EE4B8A81D}.Release|x86.Build.0 = Release|Any CPU
		{C6E07F15-CFD4-42E6-89B9-B65461C119DF}.Debug|Any CPU.ActiveCfg = Debug|Any CPU
		{C6E07F15-CFD4-42E6-89B9-B65461C119DF}.Debug|Any CPU.Build.0 = Debug|Any CPU
		{C6E07F15-CFD4-42E6-89B9-B65461C119DF}.Debug|x64.ActiveCfg = Debug|Any CPU
		{C6E07F15-CFD4-42E6-89B9-B65461C119DF}.Debug|x64.Build.0 = Debug|Any CPU
		{C6E07F15-CFD4-42E6-89B9-B65461C119DF}.Debug|x86.ActiveCfg = Debug|Any CPU
		{C6E07F15-CFD4-42E6-89B9-B65461C119DF}.Debug|x86.Build.0 = Debug|Any CPU
		{C6E07F15-CFD4-42E6-89B9-B65461C119DF}.Release|Any CPU.ActiveCfg = Release|Any CPU
		{C6E07F15-CFD4-42E6-89B9-B65461C119DF}.Release|Any CPU.Build.0 = Release|Any CPU
		{C6E07F15-CFD4-42E6-89B9-B65461C119DF}.Release|x64.ActiveCfg = Release|Any CPU
		{C6E07F15-CFD4-42E6-89B9-B65461C119DF}.Release|x64.Build.0 = Release|Any CPU
		{C6E07F15-CFD4-42E6-89B9-B65461C119DF}.Release|x86.ActiveCfg = Release|Any CPU
		{C6E07F15-CFD4-42E6-89B9-B65461C119DF}.Release|x86.Build.0 = Release|Any CPU
		{CACA3212-379A-45A0-A59A-1F6A328DA7A7}.Debug|Any CPU.ActiveCfg = Debug|Any CPU
		{CACA3212-379A-45A0-A59A-1F6A328DA7A7}.Debug|Any CPU.Build.0 = Debug|Any CPU
		{CACA3212-379A-45A0-A59A-1F6A328DA7A7}.Debug|x64.ActiveCfg = Debug|Any CPU
		{CACA3212-379A-45A0-A59A-1F6A328DA7A7}.Debug|x64.Build.0 = Debug|Any CPU
		{CACA3212-379A-45A0-A59A-1F6A328DA7A7}.Debug|x86.ActiveCfg = Debug|Any CPU
		{CACA3212-379A-45A0-A59A-1F6A328DA7A7}.Debug|x86.Build.0 = Debug|Any CPU
		{CACA3212-379A-45A0-A59A-1F6A328DA7A7}.Release|Any CPU.ActiveCfg = Release|Any CPU
		{CACA3212-379A-45A0-A59A-1F6A328DA7A7}.Release|Any CPU.Build.0 = Release|Any CPU
		{CACA3212-379A-45A0-A59A-1F6A328DA7A7}.Release|x64.ActiveCfg = Release|Any CPU
		{CACA3212-379A-45A0-A59A-1F6A328DA7A7}.Release|x64.Build.0 = Release|Any CPU
		{CACA3212-379A-45A0-A59A-1F6A328DA7A7}.Release|x86.ActiveCfg = Release|Any CPU
		{CACA3212-379A-45A0-A59A-1F6A328DA7A7}.Release|x86.Build.0 = Release|Any CPU
		{F7E08BA6-A855-4CD3-A3DF-4A5D26671455}.Debug|Any CPU.ActiveCfg = Debug|Any CPU
		{F7E08BA6-A855-4CD3-A3DF-4A5D26671455}.Debug|Any CPU.Build.0 = Debug|Any CPU
		{F7E08BA6-A855-4CD3-A3DF-4A5D26671455}.Debug|x64.ActiveCfg = Debug|Any CPU
		{F7E08BA6-A855-4CD3-A3DF-4A5D26671455}.Debug|x64.Build.0 = Debug|Any CPU
		{F7E08BA6-A855-4CD3-A3DF-4A5D26671455}.Debug|x86.ActiveCfg = Debug|Any CPU
		{F7E08BA6-A855-4CD3-A3DF-4A5D26671455}.Debug|x86.Build.0 = Debug|Any CPU
		{F7E08BA6-A855-4CD3-A3DF-4A5D26671455}.Release|Any CPU.ActiveCfg = Release|Any CPU
		{F7E08BA6-A855-4CD3-A3DF-4A5D26671455}.Release|Any CPU.Build.0 = Release|Any CPU
		{F7E08BA6-A855-4CD3-A3DF-4A5D26671455}.Release|x64.ActiveCfg = Release|Any CPU
		{F7E08BA6-A855-4CD3-A3DF-4A5D26671455}.Release|x64.Build.0 = Release|Any CPU
		{F7E08BA6-A855-4CD3-A3DF-4A5D26671455}.Release|x86.ActiveCfg = Release|Any CPU
		{F7E08BA6-A855-4CD3-A3DF-4A5D26671455}.Release|x86.Build.0 = Release|Any CPU
		{E4F5D269-1D27-4EBA-BCC0-7D391B0E4E1D}.Debug|Any CPU.ActiveCfg = Debug|Any CPU
		{E4F5D269-1D27-4EBA-BCC0-7D391B0E4E1D}.Debug|Any CPU.Build.0 = Debug|Any CPU
		{E4F5D269-1D27-4EBA-BCC0-7D391B0E4E1D}.Debug|x64.ActiveCfg = Debug|Any CPU
		{E4F5D269-1D27-4EBA-BCC0-7D391B0E4E1D}.Debug|x64.Build.0 = Debug|Any CPU
		{E4F5D269-1D27-4EBA-BCC0-7D391B0E4E1D}.Debug|x86.ActiveCfg = Debug|Any CPU
		{E4F5D269-1D27-4EBA-BCC0-7D391B0E4E1D}.Debug|x86.Build.0 = Debug|Any CPU
		{E4F5D269-1D27-4EBA-BCC0-7D391B0E4E1D}.Release|Any CPU.ActiveCfg = Release|Any CPU
		{E4F5D269-1D27-4EBA-BCC0-7D391B0E4E1D}.Release|Any CPU.Build.0 = Release|Any CPU
		{E4F5D269-1D27-4EBA-BCC0-7D391B0E4E1D}.Release|x64.ActiveCfg = Release|Any CPU
		{E4F5D269-1D27-4EBA-BCC0-7D391B0E4E1D}.Release|x64.Build.0 = Release|Any CPU
		{E4F5D269-1D27-4EBA-BCC0-7D391B0E4E1D}.Release|x86.ActiveCfg = Release|Any CPU
		{E4F5D269-1D27-4EBA-BCC0-7D391B0E4E1D}.Release|x86.Build.0 = Release|Any CPU
	EndGlobalSection
	GlobalSection(NestedProjects) = preSolution
		{EC78D635-874F-4F6A-BDBB-B0BD45F6473E} = {A3E866BE-EF70-42D9-A14B-C366E239481A}
		{367ED820-D06F-45C5-9A0C-89DD29BDD727} = {A3E866BE-EF70-42D9-A14B-C366E239481A}
		{C8C4157A-6CB0-466C-88D3-F73D369E6ABF} = {92E2DA95-F78C-4F32-B80D-C61130B4BE95}
		{171079BA-2D78-4BED-828A-12619DD664C8} = {92E2DA95-F78C-4F32-B80D-C61130B4BE95}
		{81C7E9C3-F13F-4A0D-9575-BC792BF3E6D1} = {CCC1E66E-32C1-438B-BF7C-A4BC9A205F14}
		{AA7A9790-0CEB-4EC0-921C-AE9EE4B8A81D} = {CCC1E66E-32C1-438B-BF7C-A4BC9A205F14}
		{C6E07F15-CFD4-42E6-89B9-B65461C119DF} = {09A39F26-055D-46FD-9097-2479CB67772D}
		{CACA3212-379A-45A0-A59A-1F6A328DA7A7} = {09A39F26-055D-46FD-9097-2479CB67772D}
		{F7E08BA6-A855-4CD3-A3DF-4A5D26671455} = {E9545417-E972-4180-913A-BE3D3DC5C265}
		{E4F5D269-1D27-4EBA-BCC0-7D391B0E4E1D} = {E9545417-E972-4180-913A-BE3D3DC5C265}
	EndGlobalSection
EndGlobal
